
Microsoft Visual Studio Solution File, Format Version 12.00
# Visual Studio 2013
VisualStudioVersion = 12.0.40629.0
MinimumVisualStudioVersion = 10.0.40219.1
Project("{FAE04EC0-301F-11D3-BF4B-00C04F79EFBC}") = "ImplicitFlow", "ImplicitFlow\ImplicitFlow.csproj", "{88792B48-E480-487D-AC92-25A9B021AB65}"
EndProject
Project("{FAE04EC0-301F-11D3-BF4B-00C04F79EFBC}") = "MyWebAPI", "MyWebAPI\MyWebAPI.csproj", "{C2ED75DA-551F-4FF8-835E-A79176DAB4A9}"
EndProject
Global
	GlobalSection(SolutionConfigurationPlatforms) = preSolution
		Debug|Any CPU = Debug|Any CPU
		Release|Any CPU = Release|Any CPU
	EndGlobalSection
	GlobalSection(ProjectConfigurationPlatforms) = postSolution
		{88792B48-E480-487D-AC92-25A9B021AB65}.Debug|Any CPU.ActiveCfg = Debug|Any CPU
		{88792B48-E480-487D-AC92-25A9B021AB65}.Debug|Any CPU.Build.0 = Debug|Any CPU
		{88792B48-E480-487D-AC92-25A9B021AB65}.Release|Any CPU.ActiveCfg = Release|Any CPU
		{88792B48-E480-487D-AC92-25A9B021AB65}.Release|Any CPU.Build.0 = Release|Any CPU
		{C2ED75DA-551F-4FF8-835E-A79176DAB4A9}.Debug|Any CPU.ActiveCfg = Debug|Any CPU
		{C2ED75DA-551F-4FF8-835E-A79176DAB4A9}.Debug|Any CPU.Build.0 = Debug|Any CPU
		{C2ED75DA-551F-4FF8-835E-A79176DAB4A9}.Release|Any CPU.ActiveCfg = Release|Any CPU
		{C2ED75DA-551F-4FF8-835E-A79176DAB4A9}.Release|Any CPU.Build.0 = Release|Any CPU
	EndGlobalSection
	GlobalSection(SolutionProperties) = preSolution
		HideSolutionNode = FALSE
	EndGlobalSection
EndGlobal
